// !$*UTF8*$!
{
	archiveVersion = 1;
	classes = {
	};
	objectVersion = 56;
	objects = {

/* Begin PBXBuildFile section */
		0531AA8B29CAB86200B5F1AF /* TherapyType.swift in Sources */ = {isa = PBXBuildFile; fileRef = 0531AA8A29CAB86200B5F1AF /* TherapyType.swift */; };
		0531AA8F29CABCBE00B5F1AF /* SessionSummary.swift in Sources */ = {isa = PBXBuildFile; fileRef = 0531AA8E29CABCBE00B5F1AF /* SessionSummary.swift */; };
		C52223A829E4C18D00081923 /* HealthKitManager.swift in Sources */ = {isa = PBXBuildFile; fileRef = C52223A729E4C18D00081923 /* HealthKitManager.swift */; };
		C525A09D2B51A4CF00A0B34A /* CustomTimePicker.swift in Sources */ = {isa = PBXBuildFile; fileRef = C525A09C2B51A4CF00A0B34A /* CustomTimePicker.swift */; };
		C538085529CFD5DC002E90FF /* TherapySession.swift in Sources */ = {isa = PBXBuildFile; fileRef = C538085429CFD5DC002E90FF /* TherapySession.swift */; };
		C538085729CFD7E1002E90FF /* PersistenceController.swift in Sources */ = {isa = PBXBuildFile; fileRef = C538085629CFD7E1002E90FF /* PersistenceController.swift */; };
		C538085D29D9ED07002E90FF /* CustomDurationPickerView.swift in Sources */ = {isa = PBXBuildFile; fileRef = C538085C29D9ED07002E90FF /* CustomDurationPickerView.swift */; };
		C53817ED2B48A88600F42568 /* DailySleepView.swift in Sources */ = {isa = PBXBuildFile; fileRef = C53817EC2B48A88600F42568 /* DailySleepView.swift */; };
		C549EABB2B2B912C00F583C7 /* ManuallyAddSession.swift in Sources */ = {isa = PBXBuildFile; fileRef = C549EABA2B2B912C00F583C7 /* ManuallyAddSession.swift */; };
		C549EAC72B2FCEC200F583C7 /* DailyView.swift in Sources */ = {isa = PBXBuildFile; fileRef = C549EAC62B2FCEC200F583C7 /* DailyView.swift */; };
		C568F1332B50B94600EDEAF1 /* SleepComparisonBarGraph.swift in Sources */ = {isa = PBXBuildFile; fileRef = C568F1322B50B94600EDEAF1 /* SleepComparisonBarGraph.swift */; };
		C576E6BC2A4BF21A0042C8A7 /* WelcomeView.swift in Sources */ = {isa = PBXBuildFile; fileRef = C576E6BB2A4BF21A0042C8A7 /* WelcomeView.swift */; };
		C576E6BE2A4BF62C0042C8A7 /* AppState.swift in Sources */ = {isa = PBXBuildFile; fileRef = C576E6BD2A4BF62C0042C8A7 /* AppState.swift */; };
		C576E6C02A51052F0042C8A7 /* CreateTimerView.swift in Sources */ = {isa = PBXBuildFile; fileRef = C576E6BF2A51052F0042C8A7 /* CreateTimerView.swift */; };
		C576E6C22A510B880042C8A7 /* RecoveryAnalysisView.swift in Sources */ = {isa = PBXBuildFile; fileRef = C576E6C12A510B880042C8A7 /* RecoveryAnalysisView.swift */; };
		C57EE32D29CA8E31002A4875 /* Cryozest_2App.swift in Sources */ = {isa = PBXBuildFile; fileRef = C57EE32C29CA8E31002A4875 /* Cryozest_2App.swift */; };
		C57EE32F29CA8E31002A4875 /* ContentView.swift in Sources */ = {isa = PBXBuildFile; fileRef = C57EE32E29CA8E31002A4875 /* ContentView.swift */; };
		C57EE33129CA8E34002A4875 /* Assets.xcassets in Resources */ = {isa = PBXBuildFile; fileRef = C57EE33029CA8E34002A4875 /* Assets.xcassets */; };
		C57EE33429CA8E34002A4875 /* Preview Assets.xcassets in Resources */ = {isa = PBXBuildFile; fileRef = C57EE33329CA8E34002A4875 /* Preview Assets.xcassets */; };
		C57EE33E29CA8E34002A4875 /* Cryozest_2Tests.swift in Sources */ = {isa = PBXBuildFile; fileRef = C57EE33D29CA8E34002A4875 /* Cryozest_2Tests.swift */; };
		C57EE34829CA8E34002A4875 /* Cryozest_2UITests.swift in Sources */ = {isa = PBXBuildFile; fileRef = C57EE34729CA8E34002A4875 /* Cryozest_2UITests.swift */; };
		C57EE34A29CA8E34002A4875 /* Cryozest_2UITestsLaunchTests.swift in Sources */ = {isa = PBXBuildFile; fileRef = C57EE34929CA8E34002A4875 /* Cryozest_2UITestsLaunchTests.swift */; };
		C57EE35729CA8E57002A4875 /* MainView.swift in Sources */ = {isa = PBXBuildFile; fileRef = C57EE35629CA8E57002A4875 /* MainView.swift */; };
		C57EE35929CA8E73002A4875 /* LogbookView.swift in Sources */ = {isa = PBXBuildFile; fileRef = C57EE35829CA8E73002A4875 /* LogbookView.swift */; };
		C57EE35B29CA8FBF002A4875 /* SessionRow.swift in Sources */ = {isa = PBXBuildFile; fileRef = C57EE35A29CA8FBF002A4875 /* SessionRow.swift */; };
		C57EE35D29CB942B002A4875 /* AppTabView.swift in Sources */ = {isa = PBXBuildFile; fileRef = C57EE35C29CB942B002A4875 /* AppTabView.swift */; };
		C57EE36029CCDDF5002A4875 /* CryozestModel.xcdatamodeld in Sources */ = {isa = PBXBuildFile; fileRef = C57EE35E29CCDDF5002A4875 /* CryozestModel.xcdatamodeld */; };
		C57F62822B422E93004515EA /* ExertionView.swift in Sources */ = {isa = PBXBuildFile; fileRef = C57F62812B422E93004515EA /* ExertionView.swift */; };
		C59812A02B41007100C13C15 /* TherapyTypeClass.swift in Sources */ = {isa = PBXBuildFile; fileRef = C598129F2B41007100C13C15 /* TherapyTypeClass.swift */; };
		C59E385C2A48A58000FBD9D0 /* LoadingView.swift in Sources */ = {isa = PBXBuildFile; fileRef = C59E385B2A48A58000FBD9D0 /* LoadingView.swift */; };
		C59E385E2A48A61000FBD9D0 /* SettingsIconView.swift in Sources */ = {isa = PBXBuildFile; fileRef = C59E385D2A48A61000FBD9D0 /* SettingsIconView.swift */; };
		C5A7B5882B3CA8E900FFF99C /* MetricsHighlightsView.swift in Sources */ = {isa = PBXBuildFile; fileRef = C5A7B5872B3CA8E900FFF99C /* MetricsHighlightsView.swift */; };
		C5B6FD682A523F7300933029 /* TherapyTypeGrid.swift in Sources */ = {isa = PBXBuildFile; fileRef = C5B6FD672A523F7300933029 /* TherapyTypeGrid.swift */; };
		C5B6FD7F2A53586F00933029 /* DateUtils.swift in Sources */ = {isa = PBXBuildFile; fileRef = C5B6FD7E2A53586F00933029 /* DateUtils.swift */; };
		C5BD39B32A42833400BCB3DF /* JTAppleCalendar in Frameworks */ = {isa = PBXBuildFile; productRef = C5BD39B22A42833400BCB3DF /* JTAppleCalendar */; };
		C5BD39B52A4283FC00BCB3DF /* CalendarView.swift in Sources */ = {isa = PBXBuildFile; fileRef = C5BD39B42A4283FC00BCB3DF /* CalendarView.swift */; };
		C5BD39BA2A428ACC00BCB3DF /* FSCalendar in Frameworks */ = {isa = PBXBuildFile; productRef = C5BD39B92A428ACC00BCB3DF /* FSCalendar */; };
		C5BD39BC2A42B81F00BCB3DF /* SessionCompletedCell.swift in Sources */ = {isa = PBXBuildFile; fileRef = C5BD39BB2A42B81F00BCB3DF /* SessionCompletedCell.swift */; };
		C5BD39C02A4561D300BCB3DF /* DurationAnalysisView.swift in Sources */ = {isa = PBXBuildFile; fileRef = C5BD39BF2A4561D300BCB3DF /* DurationAnalysisView.swift */; };
		C5BD39C42A46A1D200BCB3DF /* TherapyTypeSelectionView.swift in Sources */ = {isa = PBXBuildFile; fileRef = C5BD39C32A46A1D200BCB3DF /* TherapyTypeSelectionView.swift */; };
		C5BF3BC32B7E7032000F4798 /* AppleWorkoutsService.swift in Sources */ = {isa = PBXBuildFile; fileRef = C5BF3BC22B7E7032000F4798 /* AppleWorkoutsService.swift */; };
		C5CD67672A255A7A008F455E /* AnalysisView.swift in Sources */ = {isa = PBXBuildFile; fileRef = C5CD67662A255A7A008F455E /* AnalysisView.swift */; };
		C5DC77382B54806F005CEC3C /* SleepVitalsGraph.swift in Sources */ = {isa = PBXBuildFile; fileRef = C5DC77372B54806F005CEC3C /* SleepVitalsGraph.swift */; };
		C5DC773C2B5CA8CD005CEC3C /* WakingAnalysisView.swift in Sources */ = {isa = PBXBuildFile; fileRef = C5DC773B2B5CA8CD005CEC3C /* WakingAnalysisView.swift */; };
/* End PBXBuildFile section */

/* Begin PBXContainerItemProxy section */
		C57EE33A29CA8E34002A4875 /* PBXContainerItemProxy */ = {
			isa = PBXContainerItemProxy;
			containerPortal = C57EE32129CA8E31002A4875 /* Project object */;
			proxyType = 1;
			remoteGlobalIDString = C57EE32829CA8E31002A4875;
			remoteInfo = "Cryozest-2";
		};
		C57EE34429CA8E34002A4875 /* PBXContainerItemProxy */ = {
			isa = PBXContainerItemProxy;
			containerPortal = C57EE32129CA8E31002A4875 /* Project object */;
			proxyType = 1;
			remoteGlobalIDString = C57EE32829CA8E31002A4875;
			remoteInfo = "Cryozest-2";
		};
/* End PBXContainerItemProxy section */

/* Begin PBXFileReference section */
		0531AA8A29CAB86200B5F1AF /* TherapyType.swift */ = {isa = PBXFileReference; lastKnownFileType = sourcecode.swift; path = TherapyType.swift; sourceTree = "<group>"; };
		0531AA8E29CABCBE00B5F1AF /* SessionSummary.swift */ = {isa = PBXFileReference; lastKnownFileType = sourcecode.swift; path = SessionSummary.swift; sourceTree = "<group>"; };
		0543F28A29D003B600620A55 /* Info.plist */ = {isa = PBXFileReference; lastKnownFileType = text.plist; path = Info.plist; sourceTree = "<group>"; };
		0543F28B29D0078200620A55 /* Cryozest-2.entitlements */ = {isa = PBXFileReference; lastKnownFileType = text.plist.entitlements; path = "Cryozest-2.entitlements"; sourceTree = "<group>"; };
		C52223A729E4C18D00081923 /* HealthKitManager.swift */ = {isa = PBXFileReference; lastKnownFileType = sourcecode.swift; path = HealthKitManager.swift; sourceTree = "<group>"; };
		C525A09C2B51A4CF00A0B34A /* CustomTimePicker.swift */ = {isa = PBXFileReference; lastKnownFileType = sourcecode.swift; path = CustomTimePicker.swift; sourceTree = "<group>"; };
		C538085429CFD5DC002E90FF /* TherapySession.swift */ = {isa = PBXFileReference; lastKnownFileType = sourcecode.swift; path = TherapySession.swift; sourceTree = "<group>"; };
		C538085629CFD7E1002E90FF /* PersistenceController.swift */ = {isa = PBXFileReference; lastKnownFileType = sourcecode.swift; path = PersistenceController.swift; sourceTree = "<group>"; };
		C538085C29D9ED07002E90FF /* CustomDurationPickerView.swift */ = {isa = PBXFileReference; lastKnownFileType = sourcecode.swift; path = CustomDurationPickerView.swift; sourceTree = "<group>"; };
		C53817EC2B48A88600F42568 /* DailySleepView.swift */ = {isa = PBXFileReference; lastKnownFileType = sourcecode.swift; path = DailySleepView.swift; sourceTree = "<group>"; };
		C549EABA2B2B912C00F583C7 /* ManuallyAddSession.swift */ = {isa = PBXFileReference; lastKnownFileType = sourcecode.swift; path = ManuallyAddSession.swift; sourceTree = "<group>"; };
		C549EAC62B2FCEC200F583C7 /* DailyView.swift */ = {isa = PBXFileReference; lastKnownFileType = sourcecode.swift; path = DailyView.swift; sourceTree = "<group>"; };
		C568F1322B50B94600EDEAF1 /* SleepComparisonBarGraph.swift */ = {isa = PBXFileReference; lastKnownFileType = sourcecode.swift; path = SleepComparisonBarGraph.swift; sourceTree = "<group>"; };
		C576E6BB2A4BF21A0042C8A7 /* WelcomeView.swift */ = {isa = PBXFileReference; lastKnownFileType = sourcecode.swift; path = WelcomeView.swift; sourceTree = "<group>"; };
		C576E6BD2A4BF62C0042C8A7 /* AppState.swift */ = {isa = PBXFileReference; lastKnownFileType = sourcecode.swift; path = AppState.swift; sourceTree = "<group>"; };
		C576E6BF2A51052F0042C8A7 /* CreateTimerView.swift */ = {isa = PBXFileReference; lastKnownFileType = sourcecode.swift; path = CreateTimerView.swift; sourceTree = "<group>"; };
		C576E6C12A510B880042C8A7 /* RecoveryAnalysisView.swift */ = {isa = PBXFileReference; lastKnownFileType = sourcecode.swift; path = RecoveryAnalysisView.swift; sourceTree = "<group>"; };
		C57EE32929CA8E31002A4875 /* Cryozest-2.app */ = {isa = PBXFileReference; explicitFileType = wrapper.application; includeInIndex = 0; path = "Cryozest-2.app"; sourceTree = BUILT_PRODUCTS_DIR; };
		C57EE32C29CA8E31002A4875 /* Cryozest_2App.swift */ = {isa = PBXFileReference; lastKnownFileType = sourcecode.swift; path = Cryozest_2App.swift; sourceTree = "<group>"; };
		C57EE32E29CA8E31002A4875 /* ContentView.swift */ = {isa = PBXFileReference; lastKnownFileType = sourcecode.swift; path = ContentView.swift; sourceTree = "<group>"; };
		C57EE33029CA8E34002A4875 /* Assets.xcassets */ = {isa = PBXFileReference; lastKnownFileType = folder.assetcatalog; path = Assets.xcassets; sourceTree = "<group>"; };
		C57EE33329CA8E34002A4875 /* Preview Assets.xcassets */ = {isa = PBXFileReference; lastKnownFileType = folder.assetcatalog; path = "Preview Assets.xcassets"; sourceTree = "<group>"; };
		C57EE33929CA8E34002A4875 /* Cryozest-2Tests.xctest */ = {isa = PBXFileReference; explicitFileType = wrapper.cfbundle; includeInIndex = 0; path = "Cryozest-2Tests.xctest"; sourceTree = BUILT_PRODUCTS_DIR; };
		C57EE33D29CA8E34002A4875 /* Cryozest_2Tests.swift */ = {isa = PBXFileReference; lastKnownFileType = sourcecode.swift; path = Cryozest_2Tests.swift; sourceTree = "<group>"; };
		C57EE34329CA8E34002A4875 /* Cryozest-2UITests.xctest */ = {isa = PBXFileReference; explicitFileType = wrapper.cfbundle; includeInIndex = 0; path = "Cryozest-2UITests.xctest"; sourceTree = BUILT_PRODUCTS_DIR; };
		C57EE34729CA8E34002A4875 /* Cryozest_2UITests.swift */ = {isa = PBXFileReference; lastKnownFileType = sourcecode.swift; path = Cryozest_2UITests.swift; sourceTree = "<group>"; };
		C57EE34929CA8E34002A4875 /* Cryozest_2UITestsLaunchTests.swift */ = {isa = PBXFileReference; lastKnownFileType = sourcecode.swift; path = Cryozest_2UITestsLaunchTests.swift; sourceTree = "<group>"; };
		C57EE35629CA8E57002A4875 /* MainView.swift */ = {isa = PBXFileReference; lastKnownFileType = sourcecode.swift; path = MainView.swift; sourceTree = "<group>"; };
		C57EE35829CA8E73002A4875 /* LogbookView.swift */ = {isa = PBXFileReference; lastKnownFileType = sourcecode.swift; path = LogbookView.swift; sourceTree = "<group>"; };
		C57EE35A29CA8FBF002A4875 /* SessionRow.swift */ = {isa = PBXFileReference; lastKnownFileType = sourcecode.swift; path = SessionRow.swift; sourceTree = "<group>"; };
		C57EE35C29CB942B002A4875 /* AppTabView.swift */ = {isa = PBXFileReference; lastKnownFileType = sourcecode.swift; path = AppTabView.swift; sourceTree = "<group>"; };
		C57EE35F29CCDDF5002A4875 /* SessionModel.xcdatamodel */ = {isa = PBXFileReference; lastKnownFileType = wrapper.xcdatamodel; path = SessionModel.xcdatamodel; sourceTree = "<group>"; };
		C57F62812B422E93004515EA /* ExertionView.swift */ = {isa = PBXFileReference; lastKnownFileType = sourcecode.swift; path = ExertionView.swift; sourceTree = "<group>"; };
		C598129F2B41007100C13C15 /* TherapyTypeClass.swift */ = {isa = PBXFileReference; lastKnownFileType = sourcecode.swift; path = TherapyTypeClass.swift; sourceTree = "<group>"; };
		C59E385B2A48A58000FBD9D0 /* LoadingView.swift */ = {isa = PBXFileReference; lastKnownFileType = sourcecode.swift; path = LoadingView.swift; sourceTree = "<group>"; };
		C59E385D2A48A61000FBD9D0 /* SettingsIconView.swift */ = {isa = PBXFileReference; lastKnownFileType = sourcecode.swift; path = SettingsIconView.swift; sourceTree = "<group>"; };
		C5A7B5872B3CA8E900FFF99C /* MetricsHighlightsView.swift */ = {isa = PBXFileReference; lastKnownFileType = sourcecode.swift; path = MetricsHighlightsView.swift; sourceTree = "<group>"; };
		C5B6FD672A523F7300933029 /* TherapyTypeGrid.swift */ = {isa = PBXFileReference; lastKnownFileType = sourcecode.swift; path = TherapyTypeGrid.swift; sourceTree = "<group>"; };
		C5B6FD7E2A53586F00933029 /* DateUtils.swift */ = {isa = PBXFileReference; lastKnownFileType = sourcecode.swift; path = DateUtils.swift; sourceTree = "<group>"; };
		C5BD39B42A4283FC00BCB3DF /* CalendarView.swift */ = {isa = PBXFileReference; lastKnownFileType = sourcecode.swift; path = CalendarView.swift; sourceTree = "<group>"; };
		C5BD39BB2A42B81F00BCB3DF /* SessionCompletedCell.swift */ = {isa = PBXFileReference; lastKnownFileType = sourcecode.swift; path = SessionCompletedCell.swift; sourceTree = "<group>"; };
		C5BD39BF2A4561D300BCB3DF /* DurationAnalysisView.swift */ = {isa = PBXFileReference; lastKnownFileType = sourcecode.swift; path = DurationAnalysisView.swift; sourceTree = "<group>"; };
		C5BD39C32A46A1D200BCB3DF /* TherapyTypeSelectionView.swift */ = {isa = PBXFileReference; lastKnownFileType = sourcecode.swift; path = TherapyTypeSelectionView.swift; sourceTree = "<group>"; };
		C5BF3BC22B7E7032000F4798 /* AppleWorkoutsService.swift */ = {isa = PBXFileReference; lastKnownFileType = sourcecode.swift; path = AppleWorkoutsService.swift; sourceTree = "<group>"; };
		C5CD67662A255A7A008F455E /* AnalysisView.swift */ = {isa = PBXFileReference; lastKnownFileType = sourcecode.swift; path = AnalysisView.swift; sourceTree = "<group>"; };
		C5DC77372B54806F005CEC3C /* SleepVitalsGraph.swift */ = {isa = PBXFileReference; lastKnownFileType = sourcecode.swift; path = SleepVitalsGraph.swift; sourceTree = "<group>"; };
		C5DC773B2B5CA8CD005CEC3C /* WakingAnalysisView.swift */ = {isa = PBXFileReference; lastKnownFileType = sourcecode.swift; path = WakingAnalysisView.swift; sourceTree = "<group>"; };
/* End PBXFileReference section */

/* Begin PBXFrameworksBuildPhase section */
		C57EE32629CA8E31002A4875 /* Frameworks */ = {
			isa = PBXFrameworksBuildPhase;
			buildActionMask = 2147483647;
			files = (
				C5BD39B32A42833400BCB3DF /* JTAppleCalendar in Frameworks */,
				C5BD39BA2A428ACC00BCB3DF /* FSCalendar in Frameworks */,
			);
			runOnlyForDeploymentPostprocessing = 0;
		};
		C57EE33629CA8E34002A4875 /* Frameworks */ = {
			isa = PBXFrameworksBuildPhase;
			buildActionMask = 2147483647;
			files = (
			);
			runOnlyForDeploymentPostprocessing = 0;
		};
		C57EE34029CA8E34002A4875 /* Frameworks */ = {
			isa = PBXFrameworksBuildPhase;
			buildActionMask = 2147483647;
			files = (
			);
			runOnlyForDeploymentPostprocessing = 0;
		};
/* End PBXFrameworksBuildPhase section */

/* Begin PBXGroup section */
		C57EE32029CA8E31002A4875 = {
			isa = PBXGroup;
			children = (
				C57EE32B29CA8E31002A4875 /* Cryozest-2 */,
				C57EE33C29CA8E34002A4875 /* Cryozest-2Tests */,
				C57EE34629CA8E34002A4875 /* Cryozest-2UITests */,
				C57EE32A29CA8E31002A4875 /* Products */,
			);
			sourceTree = "<group>";
		};
		C57EE32A29CA8E31002A4875 /* Products */ = {
			isa = PBXGroup;
			children = (
				C57EE32929CA8E31002A4875 /* Cryozest-2.app */,
				C57EE33929CA8E34002A4875 /* Cryozest-2Tests.xctest */,
				C57EE34329CA8E34002A4875 /* Cryozest-2UITests.xctest */,
			);
			name = Products;
			sourceTree = "<group>";
		};
		C57EE32B29CA8E31002A4875 /* Cryozest-2 */ = {
			isa = PBXGroup;
			children = (
				0543F28B29D0078200620A55 /* Cryozest-2.entitlements */,
				0543F28A29D003B600620A55 /* Info.plist */,
				0531AA8A29CAB86200B5F1AF /* TherapyType.swift */,
				C59E385B2A48A58000FBD9D0 /* LoadingView.swift */,
				C57EE32C29CA8E31002A4875 /* Cryozest_2App.swift */,
				C576E6BD2A4BF62C0042C8A7 /* AppState.swift */,
				C57EE32E29CA8E31002A4875 /* ContentView.swift */,
				C5BD39B42A4283FC00BCB3DF /* CalendarView.swift */,
				C5BD39BB2A42B81F00BCB3DF /* SessionCompletedCell.swift */,
				C538085429CFD5DC002E90FF /* TherapySession.swift */,
				C538085629CFD7E1002E90FF /* PersistenceController.swift */,
				C57EE35E29CCDDF5002A4875 /* CryozestModel.xcdatamodeld */,
				C5CD67662A255A7A008F455E /* AnalysisView.swift */,
				C5B6FD672A523F7300933029 /* TherapyTypeGrid.swift */,
				C5BD39BF2A4561D300BCB3DF /* DurationAnalysisView.swift */,
				C57EE35629CA8E57002A4875 /* MainView.swift */,
				C576E6BF2A51052F0042C8A7 /* CreateTimerView.swift */,
				C576E6C12A510B880042C8A7 /* RecoveryAnalysisView.swift */,
				C59E385D2A48A61000FBD9D0 /* SettingsIconView.swift */,
				C52223A729E4C18D00081923 /* HealthKitManager.swift */,
				C538085C29D9ED07002E90FF /* CustomDurationPickerView.swift */,
				C57EE35829CA8E73002A4875 /* LogbookView.swift */,
				C57EE35C29CB942B002A4875 /* AppTabView.swift */,
				C5B6FD7E2A53586F00933029 /* DateUtils.swift */,
				0531AA8E29CABCBE00B5F1AF /* SessionSummary.swift */,
				C5BD39C32A46A1D200BCB3DF /* TherapyTypeSelectionView.swift */,
				C576E6BB2A4BF21A0042C8A7 /* WelcomeView.swift */,
				C57EE35A29CA8FBF002A4875 /* SessionRow.swift */,
				C549EABA2B2B912C00F583C7 /* ManuallyAddSession.swift */,
				C57EE33029CA8E34002A4875 /* Assets.xcassets */,
				C57EE33229CA8E34002A4875 /* Preview Content */,
				C549EAC62B2FCEC200F583C7 /* DailyView.swift */,
				C5A7B5872B3CA8E900FFF99C /* MetricsHighlightsView.swift */,
				C598129F2B41007100C13C15 /* TherapyTypeClass.swift */,
				C57F62812B422E93004515EA /* ExertionView.swift */,
				C53817EC2B48A88600F42568 /* DailySleepView.swift */,
				C568F1322B50B94600EDEAF1 /* SleepComparisonBarGraph.swift */,
				C525A09C2B51A4CF00A0B34A /* CustomTimePicker.swift */,
				C5DC77372B54806F005CEC3C /* SleepVitalsGraph.swift */,
				C5DC773B2B5CA8CD005CEC3C /* WakingAnalysisView.swift */,
				C5BF3BC22B7E7032000F4798 /* AppleWorkoutsService.swift */,
			);
			path = "Cryozest-2";
			sourceTree = "<group>";
		};
		C57EE33229CA8E34002A4875 /* Preview Content */ = {
			isa = PBXGroup;
			children = (
				C57EE33329CA8E34002A4875 /* Preview Assets.xcassets */,
			);
			path = "Preview Content";
			sourceTree = "<group>";
		};
		C57EE33C29CA8E34002A4875 /* Cryozest-2Tests */ = {
			isa = PBXGroup;
			children = (
				C57EE33D29CA8E34002A4875 /* Cryozest_2Tests.swift */,
			);
			path = "Cryozest-2Tests";
			sourceTree = "<group>";
		};
		C57EE34629CA8E34002A4875 /* Cryozest-2UITests */ = {
			isa = PBXGroup;
			children = (
				C57EE34729CA8E34002A4875 /* Cryozest_2UITests.swift */,
				C57EE34929CA8E34002A4875 /* Cryozest_2UITestsLaunchTests.swift */,
			);
			path = "Cryozest-2UITests";
			sourceTree = "<group>";
		};
/* End PBXGroup section */

/* Begin PBXNativeTarget section */
		C57EE32829CA8E31002A4875 /* Cryozest-2 */ = {
			isa = PBXNativeTarget;
			buildConfigurationList = C57EE34D29CA8E34002A4875 /* Build configuration list for PBXNativeTarget "Cryozest-2" */;
			buildPhases = (
				C57EE32529CA8E31002A4875 /* Sources */,
				C57EE32629CA8E31002A4875 /* Frameworks */,
				C57EE32729CA8E31002A4875 /* Resources */,
			);
			buildRules = (
			);
			dependencies = (
			);
			name = "Cryozest-2";
			packageProductDependencies = (
				C5BD39B22A42833400BCB3DF /* JTAppleCalendar */,
				C5BD39B92A428ACC00BCB3DF /* FSCalendar */,
			);
			productName = "Cryozest-2";
			productReference = C57EE32929CA8E31002A4875 /* Cryozest-2.app */;
			productType = "com.apple.product-type.application";
		};
		C57EE33829CA8E34002A4875 /* Cryozest-2Tests */ = {
			isa = PBXNativeTarget;
			buildConfigurationList = C57EE35029CA8E34002A4875 /* Build configuration list for PBXNativeTarget "Cryozest-2Tests" */;
			buildPhases = (
				C57EE33529CA8E34002A4875 /* Sources */,
				C57EE33629CA8E34002A4875 /* Frameworks */,
				C57EE33729CA8E34002A4875 /* Resources */,
			);
			buildRules = (
			);
			dependencies = (
				C57EE33B29CA8E34002A4875 /* PBXTargetDependency */,
			);
			name = "Cryozest-2Tests";
			productName = "Cryozest-2Tests";
			productReference = C57EE33929CA8E34002A4875 /* Cryozest-2Tests.xctest */;
			productType = "com.apple.product-type.bundle.unit-test";
		};
		C57EE34229CA8E34002A4875 /* Cryozest-2UITests */ = {
			isa = PBXNativeTarget;
			buildConfigurationList = C57EE35329CA8E34002A4875 /* Build configuration list for PBXNativeTarget "Cryozest-2UITests" */;
			buildPhases = (
				C57EE33F29CA8E34002A4875 /* Sources */,
				C57EE34029CA8E34002A4875 /* Frameworks */,
				C57EE34129CA8E34002A4875 /* Resources */,
			);
			buildRules = (
			);
			dependencies = (
				C57EE34529CA8E34002A4875 /* PBXTargetDependency */,
			);
			name = "Cryozest-2UITests";
			productName = "Cryozest-2UITests";
			productReference = C57EE34329CA8E34002A4875 /* Cryozest-2UITests.xctest */;
			productType = "com.apple.product-type.bundle.ui-testing";
		};
/* End PBXNativeTarget section */

/* Begin PBXProject section */
		C57EE32129CA8E31002A4875 /* Project object */ = {
			isa = PBXProject;
			attributes = {
				BuildIndependentTargetsInParallel = 1;
				LastSwiftUpdateCheck = 1420;
				LastUpgradeCheck = 1420;
				TargetAttributes = {
					C57EE32829CA8E31002A4875 = {
						CreatedOnToolsVersion = 14.2;
					};
					C57EE33829CA8E34002A4875 = {
						CreatedOnToolsVersion = 14.2;
						TestTargetID = C57EE32829CA8E31002A4875;
					};
					C57EE34229CA8E34002A4875 = {
						CreatedOnToolsVersion = 14.2;
						TestTargetID = C57EE32829CA8E31002A4875;
					};
				};
			};
			buildConfigurationList = C57EE32429CA8E31002A4875 /* Build configuration list for PBXProject "Cryozest-2" */;
			compatibilityVersion = "Xcode 14.0";
			developmentRegion = en;
			hasScannedForEncodings = 0;
			knownRegions = (
				en,
				Base,
			);
			mainGroup = C57EE32029CA8E31002A4875;
			packageReferences = (
				C5BD39B12A42833400BCB3DF /* XCRemoteSwiftPackageReference "JTAppleCalendar" */,
				C5BD39B82A428ACC00BCB3DF /* XCRemoteSwiftPackageReference "FSCalendar" */,
			);
			productRefGroup = C57EE32A29CA8E31002A4875 /* Products */;
			projectDirPath = "";
			projectRoot = "";
			targets = (
				C57EE32829CA8E31002A4875 /* Cryozest-2 */,
				C57EE33829CA8E34002A4875 /* Cryozest-2Tests */,
				C57EE34229CA8E34002A4875 /* Cryozest-2UITests */,
			);
		};
/* End PBXProject section */

/* Begin PBXResourcesBuildPhase section */
		C57EE32729CA8E31002A4875 /* Resources */ = {
			isa = PBXResourcesBuildPhase;
			buildActionMask = 2147483647;
			files = (
				C57EE33429CA8E34002A4875 /* Preview Assets.xcassets in Resources */,
				C57EE33129CA8E34002A4875 /* Assets.xcassets in Resources */,
			);
			runOnlyForDeploymentPostprocessing = 0;
		};
		C57EE33729CA8E34002A4875 /* Resources */ = {
			isa = PBXResourcesBuildPhase;
			buildActionMask = 2147483647;
			files = (
			);
			runOnlyForDeploymentPostprocessing = 0;
		};
		C57EE34129CA8E34002A4875 /* Resources */ = {
			isa = PBXResourcesBuildPhase;
			buildActionMask = 2147483647;
			files = (
			);
			runOnlyForDeploymentPostprocessing = 0;
		};
/* End PBXResourcesBuildPhase section */

/* Begin PBXSourcesBuildPhase section */
		C57EE32529CA8E31002A4875 /* Sources */ = {
			isa = PBXSourcesBuildPhase;
			buildActionMask = 2147483647;
			files = (
				C59E385E2A48A61000FBD9D0 /* SettingsIconView.swift in Sources */,
				C538085529CFD5DC002E90FF /* TherapySession.swift in Sources */,
				C57EE35729CA8E57002A4875 /* MainView.swift in Sources */,
				C549EABB2B2B912C00F583C7 /* ManuallyAddSession.swift in Sources */,
				C576E6BE2A4BF62C0042C8A7 /* AppState.swift in Sources */,
				0531AA8B29CAB86200B5F1AF /* TherapyType.swift in Sources */,
				C59812A02B41007100C13C15 /* TherapyTypeClass.swift in Sources */,
				C5A7B5882B3CA8E900FFF99C /* MetricsHighlightsView.swift in Sources */,
				C57EE36029CCDDF5002A4875 /* CryozestModel.xcdatamodeld in Sources */,
				C538085729CFD7E1002E90FF /* PersistenceController.swift in Sources */,
				C5BF3BC32B7E7032000F4798 /* AppleWorkoutsService.swift in Sources */,
				C5BD39B52A4283FC00BCB3DF /* CalendarView.swift in Sources */,
				C576E6C02A51052F0042C8A7 /* CreateTimerView.swift in Sources */,
				C5BD39C42A46A1D200BCB3DF /* TherapyTypeSelectionView.swift in Sources */,
				C5BD39BC2A42B81F00BCB3DF /* SessionCompletedCell.swift in Sources */,
				C576E6BC2A4BF21A0042C8A7 /* WelcomeView.swift in Sources */,
				C57EE35B29CA8FBF002A4875 /* SessionRow.swift in Sources */,
				C568F1332B50B94600EDEAF1 /* SleepComparisonBarGraph.swift in Sources */,
				C52223A829E4C18D00081923 /* HealthKitManager.swift in Sources */,
				C5DC77382B54806F005CEC3C /* SleepVitalsGraph.swift in Sources */,
				C57EE32F29CA8E31002A4875 /* ContentView.swift in Sources */,
				C5CD67672A255A7A008F455E /* AnalysisView.swift in Sources */,
				C549EAC72B2FCEC200F583C7 /* DailyView.swift in Sources */,
				C59E385C2A48A58000FBD9D0 /* LoadingView.swift in Sources */,
				C5DC773C2B5CA8CD005CEC3C /* WakingAnalysisView.swift in Sources */,
				C57F62822B422E93004515EA /* ExertionView.swift in Sources */,
				C538085D29D9ED07002E90FF /* CustomDurationPickerView.swift in Sources */,
				C576E6C22A510B880042C8A7 /* RecoveryAnalysisView.swift in Sources */,
				C53817ED2B48A88600F42568 /* DailySleepView.swift in Sources */,
				C525A09D2B51A4CF00A0B34A /* CustomTimePicker.swift in Sources */,
				C57EE35929CA8E73002A4875 /* LogbookView.swift in Sources */,
				C5BD39C02A4561D300BCB3DF /* DurationAnalysisView.swift in Sources */,
				0531AA8F29CABCBE00B5F1AF /* SessionSummary.swift in Sources */,
				C5B6FD682A523F7300933029 /* TherapyTypeGrid.swift in Sources */,
				C57EE35D29CB942B002A4875 /* AppTabView.swift in Sources */,
				C5B6FD7F2A53586F00933029 /* DateUtils.swift in Sources */,
				C57EE32D29CA8E31002A4875 /* Cryozest_2App.swift in Sources */,
			);
			runOnlyForDeploymentPostprocessing = 0;
		};
		C57EE33529CA8E34002A4875 /* Sources */ = {
			isa = PBXSourcesBuildPhase;
			buildActionMask = 2147483647;
			files = (
				C57EE33E29CA8E34002A4875 /* Cryozest_2Tests.swift in Sources */,
			);
			runOnlyForDeploymentPostprocessing = 0;
		};
		C57EE33F29CA8E34002A4875 /* Sources */ = {
			isa = PBXSourcesBuildPhase;
			buildActionMask = 2147483647;
			files = (
				C57EE34A29CA8E34002A4875 /* Cryozest_2UITestsLaunchTests.swift in Sources */,
				C57EE34829CA8E34002A4875 /* Cryozest_2UITests.swift in Sources */,
			);
			runOnlyForDeploymentPostprocessing = 0;
		};
/* End PBXSourcesBuildPhase section */

/* Begin PBXTargetDependency section */
		C57EE33B29CA8E34002A4875 /* PBXTargetDependency */ = {
			isa = PBXTargetDependency;
			target = C57EE32829CA8E31002A4875 /* Cryozest-2 */;
			targetProxy = C57EE33A29CA8E34002A4875 /* PBXContainerItemProxy */;
		};
		C57EE34529CA8E34002A4875 /* PBXTargetDependency */ = {
			isa = PBXTargetDependency;
			target = C57EE32829CA8E31002A4875 /* Cryozest-2 */;
			targetProxy = C57EE34429CA8E34002A4875 /* PBXContainerItemProxy */;
		};
/* End PBXTargetDependency section */

/* Begin XCBuildConfiguration section */
		C57EE34B29CA8E34002A4875 /* Debug */ = {
			isa = XCBuildConfiguration;
			buildSettings = {
				ALWAYS_SEARCH_USER_PATHS = NO;
				CLANG_ANALYZER_NONNULL = YES;
				CLANG_ANALYZER_NUMBER_OBJECT_CONVERSION = YES_AGGRESSIVE;
				CLANG_CXX_LANGUAGE_STANDARD = "gnu++20";
				CLANG_ENABLE_MODULES = YES;
				CLANG_ENABLE_OBJC_ARC = YES;
				CLANG_ENABLE_OBJC_WEAK = YES;
				CLANG_WARN_BLOCK_CAPTURE_AUTORELEASING = YES;
				CLANG_WARN_BOOL_CONVERSION = YES;
				CLANG_WARN_COMMA = YES;
				CLANG_WARN_CONSTANT_CONVERSION = YES;
				CLANG_WARN_DEPRECATED_OBJC_IMPLEMENTATIONS = YES;
				CLANG_WARN_DIRECT_OBJC_ISA_USAGE = YES_ERROR;
				CLANG_WARN_DOCUMENTATION_COMMENTS = YES;
				CLANG_WARN_EMPTY_BODY = YES;
				CLANG_WARN_ENUM_CONVERSION = YES;
				CLANG_WARN_INFINITE_RECURSION = YES;
				CLANG_WARN_INT_CONVERSION = YES;
				CLANG_WARN_NON_LITERAL_NULL_CONVERSION = YES;
				CLANG_WARN_OBJC_IMPLICIT_RETAIN_SELF = YES;
				CLANG_WARN_OBJC_LITERAL_CONVERSION = YES;
				CLANG_WARN_OBJC_ROOT_CLASS = YES_ERROR;
				CLANG_WARN_QUOTED_INCLUDE_IN_FRAMEWORK_HEADER = YES;
				CLANG_WARN_RANGE_LOOP_ANALYSIS = YES;
				CLANG_WARN_STRICT_PROTOTYPES = YES;
				CLANG_WARN_SUSPICIOUS_MOVE = YES;
				CLANG_WARN_UNGUARDED_AVAILABILITY = YES_AGGRESSIVE;
				CLANG_WARN_UNREACHABLE_CODE = YES;
				CLANG_WARN__DUPLICATE_METHOD_MATCH = YES;
				COPY_PHASE_STRIP = NO;
				DEBUG_INFORMATION_FORMAT = dwarf;
				ENABLE_STRICT_OBJC_MSGSEND = YES;
				ENABLE_TESTABILITY = YES;
				GCC_C_LANGUAGE_STANDARD = gnu11;
				GCC_DYNAMIC_NO_PIC = NO;
				GCC_NO_COMMON_BLOCKS = YES;
				GCC_OPTIMIZATION_LEVEL = 0;
				GCC_PREPROCESSOR_DEFINITIONS = (
					"DEBUG=1",
					"$(inherited)",
				);
				GCC_WARN_64_TO_32_BIT_CONVERSION = YES;
				GCC_WARN_ABOUT_RETURN_TYPE = YES_ERROR;
				GCC_WARN_UNDECLARED_SELECTOR = YES;
				GCC_WARN_UNINITIALIZED_AUTOS = YES_AGGRESSIVE;
				GCC_WARN_UNUSED_FUNCTION = YES;
				GCC_WARN_UNUSED_VARIABLE = YES;
				IPHONEOS_DEPLOYMENT_TARGET = 16.2;
				MTL_ENABLE_DEBUG_INFO = INCLUDE_SOURCE;
				MTL_FAST_MATH = YES;
				ONLY_ACTIVE_ARCH = YES;
				SDKROOT = iphoneos;
				SWIFT_ACTIVE_COMPILATION_CONDITIONS = DEBUG;
				SWIFT_OPTIMIZATION_LEVEL = "-Onone";
			};
			name = Debug;
		};
		C57EE34C29CA8E34002A4875 /* Release */ = {
			isa = XCBuildConfiguration;
			buildSettings = {
				ALWAYS_SEARCH_USER_PATHS = NO;
				CLANG_ANALYZER_NONNULL = YES;
				CLANG_ANALYZER_NUMBER_OBJECT_CONVERSION = YES_AGGRESSIVE;
				CLANG_CXX_LANGUAGE_STANDARD = "gnu++20";
				CLANG_ENABLE_MODULES = YES;
				CLANG_ENABLE_OBJC_ARC = YES;
				CLANG_ENABLE_OBJC_WEAK = YES;
				CLANG_WARN_BLOCK_CAPTURE_AUTORELEASING = YES;
				CLANG_WARN_BOOL_CONVERSION = YES;
				CLANG_WARN_COMMA = YES;
				CLANG_WARN_CONSTANT_CONVERSION = YES;
				CLANG_WARN_DEPRECATED_OBJC_IMPLEMENTATIONS = YES;
				CLANG_WARN_DIRECT_OBJC_ISA_USAGE = YES_ERROR;
				CLANG_WARN_DOCUMENTATION_COMMENTS = YES;
				CLANG_WARN_EMPTY_BODY = YES;
				CLANG_WARN_ENUM_CONVERSION = YES;
				CLANG_WARN_INFINITE_RECURSION = YES;
				CLANG_WARN_INT_CONVERSION = YES;
				CLANG_WARN_NON_LITERAL_NULL_CONVERSION = YES;
				CLANG_WARN_OBJC_IMPLICIT_RETAIN_SELF = YES;
				CLANG_WARN_OBJC_LITERAL_CONVERSION = YES;
				CLANG_WARN_OBJC_ROOT_CLASS = YES_ERROR;
				CLANG_WARN_QUOTED_INCLUDE_IN_FRAMEWORK_HEADER = YES;
				CLANG_WARN_RANGE_LOOP_ANALYSIS = YES;
				CLANG_WARN_STRICT_PROTOTYPES = YES;
				CLANG_WARN_SUSPICIOUS_MOVE = YES;
				CLANG_WARN_UNGUARDED_AVAILABILITY = YES_AGGRESSIVE;
				CLANG_WARN_UNREACHABLE_CODE = YES;
				CLANG_WARN__DUPLICATE_METHOD_MATCH = YES;
				COPY_PHASE_STRIP = NO;
				DEBUG_INFORMATION_FORMAT = "dwarf-with-dsym";
				ENABLE_NS_ASSERTIONS = NO;
				ENABLE_STRICT_OBJC_MSGSEND = YES;
				GCC_C_LANGUAGE_STANDARD = gnu11;
				GCC_NO_COMMON_BLOCKS = YES;
				GCC_WARN_64_TO_32_BIT_CONVERSION = YES;
				GCC_WARN_ABOUT_RETURN_TYPE = YES_ERROR;
				GCC_WARN_UNDECLARED_SELECTOR = YES;
				GCC_WARN_UNINITIALIZED_AUTOS = YES_AGGRESSIVE;
				GCC_WARN_UNUSED_FUNCTION = YES;
				GCC_WARN_UNUSED_VARIABLE = YES;
				IPHONEOS_DEPLOYMENT_TARGET = 16.2;
				MTL_ENABLE_DEBUG_INFO = NO;
				MTL_FAST_MATH = YES;
				SDKROOT = iphoneos;
				SWIFT_COMPILATION_MODE = wholemodule;
				SWIFT_OPTIMIZATION_LEVEL = "-O";
				VALIDATE_PRODUCT = YES;
			};
			name = Release;
		};
		C57EE34E29CA8E34002A4875 /* Debug */ = {
			isa = XCBuildConfiguration;
			buildSettings = {
				ASSETCATALOG_COMPILER_APPICON_NAME = AppIcon;
				ASSETCATALOG_COMPILER_GLOBAL_ACCENT_COLOR_NAME = AccentColor;
				CODE_SIGN_ENTITLEMENTS = "Cryozest-2/Cryozest-2.entitlements";
				CODE_SIGN_IDENTITY = "Apple Development";
				CODE_SIGN_STYLE = Automatic;
				CURRENT_PROJECT_VERSION = 1;
				DEVELOPMENT_ASSET_PATHS = "\"Cryozest-2/Preview Content\"";
				DEVELOPMENT_TEAM = VN8U34C2B8;
				ENABLE_PREVIEWS = YES;
				GENERATE_INFOPLIST_FILE = YES;
				INFOPLIST_FILE = "Cryozest-2/Info.plist";
				INFOPLIST_KEY_CFBundleDisplayName = CryoZest;
				INFOPLIST_KEY_LSApplicationCategoryType = "";
				INFOPLIST_KEY_NSHealthShareUsageDescription = "To determine water intake suggestions";
				INFOPLIST_KEY_NSHealthUpdateUsageDescription = "To determine water intake suggestions";
				INFOPLIST_KEY_UIApplicationSceneManifest_Generation = YES;
				INFOPLIST_KEY_UIApplicationSupportsIndirectInputEvents = YES;
				INFOPLIST_KEY_UILaunchScreen_Generation = YES;
				INFOPLIST_KEY_UISupportedInterfaceOrientations_iPad = "UIInterfaceOrientationPortrait UIInterfaceOrientationPortraitUpsideDown UIInterfaceOrientationLandscapeLeft UIInterfaceOrientationLandscapeRight";
				INFOPLIST_KEY_UISupportedInterfaceOrientations_iPhone = "UIInterfaceOrientationPortrait UIInterfaceOrientationLandscapeLeft UIInterfaceOrientationLandscapeRight";
				LD_RUNPATH_SEARCH_PATHS = (
					"$(inherited)",
					"@executable_path/Frameworks",
				);
				MARKETING_VERSION = 2.3.3;
				PRODUCT_BUNDLE_IDENTIFIER = com.RobOwen.CryoZest;
				PRODUCT_NAME = "$(TARGET_NAME)";
				PROVISIONING_PROFILE_SPECIFIER = "";
				SWIFT_EMIT_LOC_STRINGS = YES;
				SWIFT_VERSION = 5.0;
				TARGETED_DEVICE_FAMILY = "1,2";
			};
			name = Debug;
		};
		C57EE34F29CA8E34002A4875 /* Release */ = {
			isa = XCBuildConfiguration;
			buildSettings = {
				ASSETCATALOG_COMPILER_APPICON_NAME = AppIcon;
				ASSETCATALOG_COMPILER_GLOBAL_ACCENT_COLOR_NAME = AccentColor;
				CODE_SIGN_ENTITLEMENTS = "Cryozest-2/Cryozest-2.entitlements";
				CODE_SIGN_IDENTITY = "Apple Development";
				CODE_SIGN_STYLE = Automatic;
				CURRENT_PROJECT_VERSION = 1;
				DEVELOPMENT_ASSET_PATHS = "\"Cryozest-2/Preview Content\"";
				DEVELOPMENT_TEAM = VN8U34C2B8;
				ENABLE_PREVIEWS = YES;
				GENERATE_INFOPLIST_FILE = YES;
				INFOPLIST_FILE = "Cryozest-2/Info.plist";
				INFOPLIST_KEY_CFBundleDisplayName = CryoZest;
				INFOPLIST_KEY_LSApplicationCategoryType = "";
				INFOPLIST_KEY_NSHealthShareUsageDescription = "To determine water intake suggestions";
				INFOPLIST_KEY_NSHealthUpdateUsageDescription = "To determine water intake suggestions";
				INFOPLIST_KEY_UIApplicationSceneManifest_Generation = YES;
				INFOPLIST_KEY_UIApplicationSupportsIndirectInputEvents = YES;
				INFOPLIST_KEY_UILaunchScreen_Generation = YES;
				INFOPLIST_KEY_UISupportedInterfaceOrientations_iPad = "UIInterfaceOrientationPortrait UIInterfaceOrientationPortraitUpsideDown UIInterfaceOrientationLandscapeLeft UIInterfaceOrientationLandscapeRight";
				INFOPLIST_KEY_UISupportedInterfaceOrientations_iPhone = "UIInterfaceOrientationPortrait UIInterfaceOrientationLandscapeLeft UIInterfaceOrientationLandscapeRight";
				LD_RUNPATH_SEARCH_PATHS = (
					"$(inherited)",
					"@executable_path/Frameworks",
				);
				MARKETING_VERSION = 2.3.3;
				PRODUCT_BUNDLE_IDENTIFIER = com.RobOwen.CryoZest;
				PRODUCT_NAME = "$(TARGET_NAME)";
				PROVISIONING_PROFILE_SPECIFIER = "";
				SWIFT_EMIT_LOC_STRINGS = YES;
				SWIFT_VERSION = 5.0;
				TARGETED_DEVICE_FAMILY = "1,2";
			};
			name = Release;
		};
		C57EE35129CA8E34002A4875 /* Debug */ = {
			isa = XCBuildConfiguration;
			buildSettings = {
				ALWAYS_EMBED_SWIFT_STANDARD_LIBRARIES = YES;
				BUNDLE_LOADER = "$(TEST_HOST)";
				CODE_SIGN_STYLE = Automatic;
				CURRENT_PROJECT_VERSION = 1;
				DEVELOPMENT_TEAM = 8Q688K7752;
				GENERATE_INFOPLIST_FILE = YES;
				IPHONEOS_DEPLOYMENT_TARGET = 16.2;
				MARKETING_VERSION = 1.0;
				PRODUCT_BUNDLE_IDENTIFIER = "pretty-decent-apps.Cryozest-2Tests";
				PRODUCT_NAME = "$(TARGET_NAME)";
				SWIFT_EMIT_LOC_STRINGS = NO;
				SWIFT_VERSION = 5.0;
				TARGETED_DEVICE_FAMILY = "1,2";
				TEST_HOST = "$(BUILT_PRODUCTS_DIR)/Cryozest-2.app/$(BUNDLE_EXECUTABLE_FOLDER_PATH)/Cryozest-2";
			};
			name = Debug;
		};
		C57EE35229CA8E34002A4875 /* Release */ = {
			isa = XCBuildConfiguration;
			buildSettings = {
				ALWAYS_EMBED_SWIFT_STANDARD_LIBRARIES = YES;
				BUNDLE_LOADER = "$(TEST_HOST)";
				CODE_SIGN_STYLE = Automatic;
				CURRENT_PROJECT_VERSION = 1;
				DEVELOPMENT_TEAM = 8Q688K7752;
				GENERATE_INFOPLIST_FILE = YES;
				IPHONEOS_DEPLOYMENT_TARGET = 16.2;
				MARKETING_VERSION = 1.0;
				PRODUCT_BUNDLE_IDENTIFIER = "pretty-decent-apps.Cryozest-2Tests";
				PRODUCT_NAME = "$(TARGET_NAME)";
				SWIFT_EMIT_LOC_STRINGS = NO;
				SWIFT_VERSION = 5.0;
				TARGETED_DEVICE_FAMILY = "1,2";
				TEST_HOST = "$(BUILT_PRODUCTS_DIR)/Cryozest-2.app/$(BUNDLE_EXECUTABLE_FOLDER_PATH)/Cryozest-2";
			};
			name = Release;
		};
		C57EE35429CA8E34002A4875 /* Debug */ = {
			isa = XCBuildConfiguration;
			buildSettings = {
				ALWAYS_EMBED_SWIFT_STANDARD_LIBRARIES = YES;
				CODE_SIGN_STYLE = Automatic;
				CURRENT_PROJECT_VERSION = 1;
				DEVELOPMENT_TEAM = 8Q688K7752;
				GENERATE_INFOPLIST_FILE = YES;
				MARKETING_VERSION = 1.0;
				PRODUCT_BUNDLE_IDENTIFIER = "pretty-decent-apps.Cryozest-2UITests";
				PRODUCT_NAME = "$(TARGET_NAME)";
				SWIFT_EMIT_LOC_STRINGS = NO;
				SWIFT_VERSION = 5.0;
				TARGETED_DEVICE_FAMILY = "1,2";
				TEST_TARGET_NAME = "Cryozest-2";
			};
			name = Debug;
		};
		C57EE35529CA8E34002A4875 /* Release */ = {
			isa = XCBuildConfiguration;
			buildSettings = {
				ALWAYS_EMBED_SWIFT_STANDARD_LIBRARIES = YES;
				CODE_SIGN_STYLE = Automatic;
				CURRENT_PROJECT_VERSION = 1;
				DEVELOPMENT_TEAM = 8Q688K7752;
				GENERATE_INFOPLIST_FILE = YES;
				MARKETING_VERSION = 1.0;
				PRODUCT_BUNDLE_IDENTIFIER = "pretty-decent-apps.Cryozest-2UITests";
				PRODUCT_NAME = "$(TARGET_NAME)";
				SWIFT_EMIT_LOC_STRINGS = NO;
				SWIFT_VERSION = 5.0;
				TARGETED_DEVICE_FAMILY = "1,2";
				TEST_TARGET_NAME = "Cryozest-2";
			};
			name = Release;
		};
/* End XCBuildConfiguration section */

/* Begin XCConfigurationList section */
		C57EE32429CA8E31002A4875 /* Build configuration list for PBXProject "Cryozest-2" */ = {
			isa = XCConfigurationList;
			buildConfigurations = (
				C57EE34B29CA8E34002A4875 /* Debug */,
				C57EE34C29CA8E34002A4875 /* Release */,
			);
			defaultConfigurationIsVisible = 0;
			defaultConfigurationName = Release;
		};
		C57EE34D29CA8E34002A4875 /* Build configuration list for PBXNativeTarget "Cryozest-2" */ = {
			isa = XCConfigurationList;
			buildConfigurations = (
				C57EE34E29CA8E34002A4875 /* Debug */,
				C57EE34F29CA8E34002A4875 /* Release */,
			);
			defaultConfigurationIsVisible = 0;
			defaultConfigurationName = Release;
		};
		C57EE35029CA8E34002A4875 /* Build configuration list for PBXNativeTarget "Cryozest-2Tests" */ = {
			isa = XCConfigurationList;
			buildConfigurations = (
				C57EE35129CA8E34002A4875 /* Debug */,
				C57EE35229CA8E34002A4875 /* Release */,
			);
			defaultConfigurationIsVisible = 0;
			defaultConfigurationName = Release;
		};
		C57EE35329CA8E34002A4875 /* Build configuration list for PBXNativeTarget "Cryozest-2UITests" */ = {
			isa = XCConfigurationList;
			buildConfigurations = (
				C57EE35429CA8E34002A4875 /* Debug */,
				C57EE35529CA8E34002A4875 /* Release */,
			);
			defaultConfigurationIsVisible = 0;
			defaultConfigurationName = Release;
		};
/* End XCConfigurationList section */

/* Begin XCRemoteSwiftPackageReference section */
		C5BD39B12A42833400BCB3DF /* XCRemoteSwiftPackageReference "JTAppleCalendar" */ = {
			isa = XCRemoteSwiftPackageReference;
			repositoryURL = "https://github.com/patchthecode/JTAppleCalendar.git";
			requirement = {
				kind = upToNextMajorVersion;
				minimumVersion = 8.0.0;
			};
		};
		C5BD39B82A428ACC00BCB3DF /* XCRemoteSwiftPackageReference "FSCalendar" */ = {
			isa = XCRemoteSwiftPackageReference;
			repositoryURL = "https://github.com/WenchaoD/FSCalendar";
			requirement = {
				kind = upToNextMajorVersion;
				minimumVersion = 2.0.0;
			};
		};
/* End XCRemoteSwiftPackageReference section */

/* Begin XCSwiftPackageProductDependency section */
		C5BD39B22A42833400BCB3DF /* JTAppleCalendar */ = {
			isa = XCSwiftPackageProductDependency;
			package = C5BD39B12A42833400BCB3DF /* XCRemoteSwiftPackageReference "JTAppleCalendar" */;
			productName = JTAppleCalendar;
		};
		C5BD39B92A428ACC00BCB3DF /* FSCalendar */ = {
			isa = XCSwiftPackageProductDependency;
			package = C5BD39B82A428ACC00BCB3DF /* XCRemoteSwiftPackageReference "FSCalendar" */;
			productName = FSCalendar;
		};
/* End XCSwiftPackageProductDependency section */

/* Begin XCVersionGroup section */
		C57EE35E29CCDDF5002A4875 /* CryozestModel.xcdatamodeld */ = {
			isa = XCVersionGroup;
			children = (
				C57EE35F29CCDDF5002A4875 /* SessionModel.xcdatamodel */,
			);
			currentVersion = C57EE35F29CCDDF5002A4875 /* SessionModel.xcdatamodel */;
			path = CryozestModel.xcdatamodeld;
			sourceTree = "<group>";
			versionGroupType = wrapper.xcdatamodel;
		};
/* End XCVersionGroup section */
	};
	rootObject = C57EE32129CA8E31002A4875 /* Project object */;
}
